
Microsoft Visual Studio Solution File, Format Version 12.00
# Visual Studio Version 17
VisualStudioVersion = 17.8.34511.84
MinimumVisualStudioVersion = 10.0.40219.1
Project("{9A19103F-16F7-4668-BE54-9A1E7A4F7556}") = "Launcher", "Launcher\Launcher.csproj", "{F893C44A-FAD4-470A-B679-FD315778BCB8}"
EndProject
Global
	GlobalSection(SolutionConfigurationPlatforms) = preSolution
		Debug|Any CPU = Debug|Any CPU
		Release|Any CPU = Release|Any CPU
	EndGlobalSection
	GlobalSection(ProjectConfigurationPlatforms) = postSolution
		{F893C44A-FAD4-470A-B679-FD315778BCB8}.Debug|Any CPU.ActiveCfg = Debug|Any CPU
		{F893C44A-FAD4-470A-B679-FD315778BCB8}.Debug|Any CPU.Build.0 = Debug|Any CPU
		{F893C44A-FAD4-470A-B679-FD315778BCB8}.Release|Any CPU.ActiveCfg = Release|Any CPU
		{F893C44A-FAD4-470A-B679-FD315778BCB8}.Release|Any CPU.Build.0 = Release|Any CPU
	EndGlobalSection
	GlobalSection(SolutionProperties) = preSolution
		HideSolutionNode = FALSE
	EndGlobalSection
	GlobalSection(ExtensibilityGlobals) = postSolution
		SolutionGuid = {6B41CEE4-97BC-4597-948F-EE61C8D158DE}
	EndGlobalSection
EndGlobal
